
Microsoft Visual Studio Solution File, Format Version 12.00
# Visual Studio 15
VisualStudioVersion = 15.0.28307.271
MinimumVisualStudioVersion = 10.0.40219.1
Project("{9A19103F-16F7-4668-BE54-9A1E7A4F7556}") = "IW.DurableFunc.RegisterUser", "IW.DurableFunc.RegisterUser\IW.DurableFunc.RegisterUser.csproj", "{18F49826-7DEE-4D08-A074-731411A5901A}"
EndProject
Project("{FAE04EC0-301F-11D3-BF4B-00C04F79EFBC}") = "IW.DurableFunctions.Contracts", "IW.DurableFunctions.Data\IW.DurableFunctions.Contracts.csproj", "{0D7B29E0-EFBF-4488-A0AB-7060DDF11A33}"
EndProject
Project("{FAE04EC0-301F-11D3-BF4B-00C04F79EFBC}") = "IW.DurableFunc.Repository", "IW.DurableFunc.Repository\IW.DurableFunc.Repository.csproj", "{2DF5FA77-F2D7-4E88-8D3E-0CB898D41971}"
EndProject
Global
	GlobalSection(SolutionConfigurationPlatforms) = preSolution
		Debug|Any CPU = Debug|Any CPU
		Release|Any CPU = Release|Any CPU
	EndGlobalSection
	GlobalSection(ProjectConfigurationPlatforms) = postSolution
		{18F49826-7DEE-4D08-A074-731411A5901A}.Debug|Any CPU.ActiveCfg = Debug|Any CPU
		{18F49826-7DEE-4D08-A074-731411A5901A}.Debug|Any CPU.Build.0 = Debug|Any CPU
		{18F49826-7DEE-4D08-A074-731411A5901A}.Release|Any CPU.ActiveCfg = Release|Any CPU
		{18F49826-7DEE-4D08-A074-731411A5901A}.Release|Any CPU.Build.0 = Release|Any CPU
		{0D7B29E0-EFBF-4488-A0AB-7060DDF11A33}.Debug|Any CPU.ActiveCfg = Debug|Any CPU
		{0D7B29E0-EFBF-4488-A0AB-7060DDF11A33}.Debug|Any CPU.Build.0 = Debug|Any CPU
		{0D7B29E0-EFBF-4488-A0AB-7060DDF11A33}.Release|Any CPU.ActiveCfg = Release|Any CPU
		{0D7B29E0-EFBF-4488-A0AB-7060DDF11A33}.Release|Any CPU.Build.0 = Release|Any CPU
		{2DF5FA77-F2D7-4E88-8D3E-0CB898D41971}.Debug|Any CPU.ActiveCfg = Debug|Any CPU
		{2DF5FA77-F2D7-4E88-8D3E-0CB898D41971}.Debug|Any CPU.Build.0 = Debug|Any CPU
		{2DF5FA77-F2D7-4E88-8D3E-0CB898D41971}.Release|Any CPU.ActiveCfg = Release|Any CPU
		{2DF5FA77-F2D7-4E88-8D3E-0CB898D41971}.Release|Any CPU.Build.0 = Release|Any CPU
	EndGlobalSection
	GlobalSection(SolutionProperties) = preSolution
		HideSolutionNode = FALSE
	EndGlobalSection
	GlobalSection(ExtensibilityGlobals) = postSolution
		SolutionGuid = {054C2F56-7723-48BC-AB0A-8749BF96F1FD}
	EndGlobalSection
EndGlobal
